
Microsoft Visual Studio Solution File, Format Version 12.00
# Visual Studio Version 16
VisualStudioVersion = 16.0.29519.181
MinimumVisualStudioVersion = 10.0.40219.1
Project("{FAE04EC0-301F-11D3-BF4B-00C04F79EFBC}") = "CatagoryService", "CatagoryService\CatagoryService.csproj", "{28A5A21F-AFE4-4AAF-823D-825DDEEE8E4D}"
EndProject
Global
	GlobalSection(SolutionConfigurationPlatforms) = preSolution
		Debug|Any CPU = Debug|Any CPU
		Release|Any CPU = Release|Any CPU
	EndGlobalSection
	GlobalSection(ProjectConfigurationPlatforms) = postSolution
		{28A5A21F-AFE4-4AAF-823D-825DDEEE8E4D}.Debug|Any CPU.ActiveCfg = Debug|Any CPU
		{28A5A21F-AFE4-4AAF-823D-825DDEEE8E4D}.Debug|Any CPU.Build.0 = Debug|Any CPU
		{28A5A21F-AFE4-4AAF-823D-825DDEEE8E4D}.Release|Any CPU.ActiveCfg = Release|Any CPU
		{28A5A21F-AFE4-4AAF-823D-825DDEEE8E4D}.Release|Any CPU.Build.0 = Release|Any CPU
	EndGlobalSection
	GlobalSection(SolutionProperties) = preSolution
		HideSolutionNode = FALSE
	EndGlobalSection
	GlobalSection(ExtensibilityGlobals) = postSolution
		SolutionGuid = {7306B472-7048-4912-9C47-62F3EC99E678}
	EndGlobalSection
EndGlobal
